
Microsoft Visual Studio Solution File, Format Version 11.00
# Visual Studio 2010
# SharpDevelop 5.0
Project("{FAE04EC0-301F-11D3-BF4B-00C04F79EFBC}") = "Journal.Win", "Journal.Win\Journal.Win.csproj", "{A172238D-03BF-49E1-A103-ED4093BB3F55}"
EndProject
Project("{FAE04EC0-301F-11D3-BF4B-00C04F79EFBC}") = "Journal.Client", "Journal.Client\Journal.Client.csproj", "{A18DFA77-7A9F-4B62-871E-2A4EDB790CD4}"
EndProject
Global
	GlobalSection(SolutionConfigurationPlatforms) = preSolution
		Debug|Any CPU = Debug|Any CPU
		Release|Any CPU = Release|Any CPU
	EndGlobalSection
	GlobalSection(ProjectConfigurationPlatforms) = postSolution
		{A172238D-03BF-49E1-A103-ED4093BB3F55}.Debug|Any CPU.ActiveCfg = Debug|Any CPU
		{A172238D-03BF-49E1-A103-ED4093BB3F55}.Debug|Any CPU.Build.0 = Debug|Any CPU
		{A172238D-03BF-49E1-A103-ED4093BB3F55}.Release|Any CPU.ActiveCfg = Release|Any CPU
		{A172238D-03BF-49E1-A103-ED4093BB3F55}.Release|Any CPU.Build.0 = Release|Any CPU
		{A18DFA77-7A9F-4B62-871E-2A4EDB790CD4}.Debug|Any CPU.ActiveCfg = Debug|Any CPU
		{A18DFA77-7A9F-4B62-871E-2A4EDB790CD4}.Debug|Any CPU.Build.0 = Debug|Any CPU
		{A18DFA77-7A9F-4B62-871E-2A4EDB790CD4}.Release|Any CPU.ActiveCfg = Release|Any CPU
		{A18DFA77-7A9F-4B62-871E-2A4EDB790CD4}.Release|Any CPU.Build.0 = Release|Any CPU
	EndGlobalSection
EndGlobal
